
Microsoft Visual Studio Solution File, Format Version 12.00
Project("{FAE04EC0-301F-11D3-BF4B-00C04F79EFBC}") = "Frends.AzureBlobStorage.Toolkit", "Frends.AzureBlobStorage.Toolkit\Frends.AzureBlobStorage.Toolkit.csproj", "{341CCC8B-6AF0-7087-A728-97D68418418A}"
EndProject
Global
	GlobalSection(SolutionConfigurationPlatforms) = preSolution
		Debug|Any CPU = Debug|Any CPU
		Release|Any CPU = Release|Any CPU
	EndGlobalSection
	GlobalSection(ProjectConfigurationPlatforms) = postSolution
		{341CCC8B-6AF0-7087-A728-97D68418418A}.Debug|Any CPU.ActiveCfg = Debug|Any CPU
		{341CCC8B-6AF0-7087-A728-97D68418418A}.Debug|Any CPU.Build.0 = Debug|Any CPU
		{341CCC8B-6AF0-7087-A728-97D68418418A}.Release|Any CPU.ActiveCfg = Release|Any CPU
		{341CCC8B-6AF0-7087-A728-97D68418418A}.Release|Any CPU.Build.0 = Release|Any CPU
	EndGlobalSection
EndGlobal
